// !$*UTF8*$!
{
	archiveVersion = 1;
	classes = {
	};
	objectVersion = 48;
	objects = {

/* Begin PBXBuildFile section */
		8B67534C8F4158CF919D09D6 /* Pods_ChickenAndRiceUITests.framework in Frameworks */ = {isa = PBXBuildFile; fileRef = 4A25890D10844D4C136FC683 /* Pods_ChickenAndRiceUITests.framework */; };
		9E3E2A8C6F7FCDB9AE9AADE0 /* Pods_ChickenAndRiceTests.framework in Frameworks */ = {isa = PBXBuildFile; fileRef = 9835CAFE76581DD39D11CE55 /* Pods_ChickenAndRiceTests.framework */; };
		B11C47351FD878F800CF18E4 /* cake.jpg in Resources */ = {isa = PBXBuildFile; fileRef = B11C47341FD878F700CF18E4 /* cake.jpg */; };
		B11C47371FD879D200CF18E4 /* jiggly.png in Resources */ = {isa = PBXBuildFile; fileRef = B11C47361FD879D200CF18E4 /* jiggly.png */; };
		B11C473A1FD880E000CF18E4 /* beyblade.jpg in Resources */ = {isa = PBXBuildFile; fileRef = B11C47381FD880DF00CF18E4 /* beyblade.jpg */; };
		B11C473B1FD880E000CF18E4 /* agumon.png in Resources */ = {isa = PBXBuildFile; fileRef = B11C47391FD880DF00CF18E4 /* agumon.png */; };
		B1BFD6251FD533C00008B77B /* ViewController_IconSelect.swift in Sources */ = {isa = PBXBuildFile; fileRef = B1BFD6241FD533C00008B77B /* ViewController_IconSelect.swift */; };
		B1BFD6271FD5EE740008B77B /* chicken.png in Resources */ = {isa = PBXBuildFile; fileRef = B1BFD6261FD5EE6E0008B77B /* chicken.png */; };
		C106240C1FB1889200500BDC /* cat.png in Resources */ = {isa = PBXBuildFile; fileRef = C106240B1FB1889100500BDC /* cat.png */; };
		C159955E1FB13A3D007E75AC /* TableViewCell_Chat.swift in Sources */ = {isa = PBXBuildFile; fileRef = C159955D1FB13A3D007E75AC /* TableViewCell_Chat.swift */; };
		C15995601FB13CDB007E75AC /* Model_Message.swift in Sources */ = {isa = PBXBuildFile; fileRef = C159955F1FB13CDB007E75AC /* Model_Message.swift */; };
		C1789B231FB39336002ADAAF /* rooster-1.wav in Resources */ = {isa = PBXBuildFile; fileRef = C1789B221FB39336002ADAAF /* rooster-1.wav */; };
		C18CBA041FB04FCB00E4ACF8 /* AppDelegate.swift in Sources */ = {isa = PBXBuildFile; fileRef = C18CBA031FB04FCB00E4ACF8 /* AppDelegate.swift */; };
		C18CBA061FB04FCB00E4ACF8 /* ViewController_Login.swift in Sources */ = {isa = PBXBuildFile; fileRef = C18CBA051FB04FCB00E4ACF8 /* ViewController_Login.swift */; };
		C18CBA091FB04FCB00E4ACF8 /* Main.storyboard in Resources */ = {isa = PBXBuildFile; fileRef = C18CBA071FB04FCB00E4ACF8 /* Main.storyboard */; };
		C18CBA0B1FB04FCB00E4ACF8 /* Assets.xcassets in Resources */ = {isa = PBXBuildFile; fileRef = C18CBA0A1FB04FCB00E4ACF8 /* Assets.xcassets */; };
		C18CBA0E1FB04FCB00E4ACF8 /* LaunchScreen.storyboard in Resources */ = {isa = PBXBuildFile; fileRef = C18CBA0C1FB04FCB00E4ACF8 /* LaunchScreen.storyboard */; };
		C18CBA191FB04FCB00E4ACF8 /* ChickenAndRiceTests.swift in Sources */ = {isa = PBXBuildFile; fileRef = C18CBA181FB04FCB00E4ACF8 /* ChickenAndRiceTests.swift */; };
		C18CBA241FB04FCB00E4ACF8 /* ChickenAndRiceUITests.swift in Sources */ = {isa = PBXBuildFile; fileRef = C18CBA231FB04FCB00E4ACF8 /* ChickenAndRiceUITests.swift */; };
		C18CBA351FB0603300E4ACF8 /* SocketIOManager.swift in Sources */ = {isa = PBXBuildFile; fileRef = C18CBA341FB0603300E4ACF8 /* SocketIOManager.swift */; };
		C18CBA3A1FB0934C00E4ACF8 /* chicken_and_rice.jpeg in Resources */ = {isa = PBXBuildFile; fileRef = C18CBA391FB092B400E4ACF8 /* chicken_and_rice.jpeg */; };
		C18CBA3F1FB0F8D700E4ACF8 /* ViewController_Chat.swift in Sources */ = {isa = PBXBuildFile; fileRef = C18CBA3E1FB0F8D700E4ACF8 /* ViewController_Chat.swift */; };
		C18CBA421FB0FA7F00E4ACF8 /* Model_User.swift in Sources */ = {isa = PBXBuildFile; fileRef = C18CBA411FB0FA7F00E4ACF8 /* Model_User.swift */; };
		C18CBA441FB1013F00E4ACF8 /* send_icon.png in Resources */ = {isa = PBXBuildFile; fileRef = C18CBA431FB1013E00E4ACF8 /* send_icon.png */; };
		C1AC091C1FB7C5D2001DF319 /* ViewController_RegisterUser.swift in Sources */ = {isa = PBXBuildFile; fileRef = C1AC091B1FB7C5D2001DF319 /* ViewController_RegisterUser.swift */; };
		C1AC09231FB88DDC001DF319 /* ViewController_ChannelSelect.swift in Sources */ = {isa = PBXBuildFile; fileRef = C1AC09221FB88DDC001DF319 /* ViewController_ChannelSelect.swift */; };
		C1D789AB1FB8913D0074AB46 /* TableViewCell_Channel.swift in Sources */ = {isa = PBXBuildFile; fileRef = C1D789AA1FB8913D0074AB46 /* TableViewCell_Channel.swift */; };
		C1D789AD1FB8A58D0074AB46 /* Model_Channel.swift in Sources */ = {isa = PBXBuildFile; fileRef = C1D789AC1FB8A58D0074AB46 /* Model_Channel.swift */; };
		C1D789AF1FB915F60074AB46 /* ViewController_ServerSelect.swift in Sources */ = {isa = PBXBuildFile; fileRef = C1D789AE1FB915F60074AB46 /* ViewController_ServerSelect.swift */; };
		C1D789B11FB916460074AB46 /* TableViewCell_Server.swift in Sources */ = {isa = PBXBuildFile; fileRef = C1D789B01FB916460074AB46 /* TableViewCell_Server.swift */; };
		C1D789B31FB91B3C0074AB46 /* Model_Server.swift in Sources */ = {isa = PBXBuildFile; fileRef = C1D789B21FB91B3C0074AB46 /* Model_Server.swift */; };
		E4F1A076DFBC14BE58AC67D1 /* Pods_ChickenAndRice.framework in Frameworks */ = {isa = PBXBuildFile; fileRef = EC633429BACF41F613E3308A /* Pods_ChickenAndRice.framework */; };
/* End PBXBuildFile section */

/* Begin PBXContainerItemProxy section */
		C18CBA151FB04FCB00E4ACF8 /* PBXContainerItemProxy */ = {
			isa = PBXContainerItemProxy;
			containerPortal = C18CB9F81FB04FCB00E4ACF8 /* Project object */;
			proxyType = 1;
			remoteGlobalIDString = C18CB9FF1FB04FCB00E4ACF8;
			remoteInfo = ChickenAndRice;
		};
		C18CBA201FB04FCB00E4ACF8 /* PBXContainerItemProxy */ = {
			isa = PBXContainerItemProxy;
			containerPortal = C18CB9F81FB04FCB00E4ACF8 /* Project object */;
			proxyType = 1;
			remoteGlobalIDString = C18CB9FF1FB04FCB00E4ACF8;
			remoteInfo = ChickenAndRice;
		};
/* End PBXContainerItemProxy section */

/* Begin PBXFileReference section */
		089665337AA6046342A3C31C /* Pods-ChickenAndRice.debug.xcconfig */ = {isa = PBXFileReference; includeInIndex = 1; lastKnownFileType = text.xcconfig; name = "Pods-ChickenAndRice.debug.xcconfig"; path = "Pods/Target Support Files/Pods-ChickenAndRice/Pods-ChickenAndRice.debug.xcconfig"; sourceTree = "<group>"; };
		16106BE72E0E8D7B3D53CBCE /* Pods-ChickenAndRiceTests.release.xcconfig */ = {isa = PBXFileReference; includeInIndex = 1; lastKnownFileType = text.xcconfig; name = "Pods-ChickenAndRiceTests.release.xcconfig"; path = "Pods/Target Support Files/Pods-ChickenAndRiceTests/Pods-ChickenAndRiceTests.release.xcconfig"; sourceTree = "<group>"; };
		4A25890D10844D4C136FC683 /* Pods_ChickenAndRiceUITests.framework */ = {isa = PBXFileReference; explicitFileType = wrapper.framework; includeInIndex = 0; path = Pods_ChickenAndRiceUITests.framework; sourceTree = BUILT_PRODUCTS_DIR; };
		95C50E19765358C823871A59 /* Pods-ChickenAndRiceTests.debug.xcconfig */ = {isa = PBXFileReference; includeInIndex = 1; lastKnownFileType = text.xcconfig; name = "Pods-ChickenAndRiceTests.debug.xcconfig"; path = "Pods/Target Support Files/Pods-ChickenAndRiceTests/Pods-ChickenAndRiceTests.debug.xcconfig"; sourceTree = "<group>"; };
		96D5571EBFF54366C53A9185 /* Pods-ChickenAndRiceUITests.release.xcconfig */ = {isa = PBXFileReference; includeInIndex = 1; lastKnownFileType = text.xcconfig; name = "Pods-ChickenAndRiceUITests.release.xcconfig"; path = "Pods/Target Support Files/Pods-ChickenAndRiceUITests/Pods-ChickenAndRiceUITests.release.xcconfig"; sourceTree = "<group>"; };
		9835CAFE76581DD39D11CE55 /* Pods_ChickenAndRiceTests.framework */ = {isa = PBXFileReference; explicitFileType = wrapper.framework; includeInIndex = 0; path = Pods_ChickenAndRiceTests.framework; sourceTree = BUILT_PRODUCTS_DIR; };
		9F56DCED9A6F798A053C7587 /* Pods-ChickenAndRiceUITests.debug.xcconfig */ = {isa = PBXFileReference; includeInIndex = 1; lastKnownFileType = text.xcconfig; name = "Pods-ChickenAndRiceUITests.debug.xcconfig"; path = "Pods/Target Support Files/Pods-ChickenAndRiceUITests/Pods-ChickenAndRiceUITests.debug.xcconfig"; sourceTree = "<group>"; };
		B11C47341FD878F700CF18E4 /* cake.jpg */ = {isa = PBXFileReference; lastKnownFileType = image.jpeg; path = cake.jpg; sourceTree = "<group>"; };
		B11C47361FD879D200CF18E4 /* jiggly.png */ = {isa = PBXFileReference; lastKnownFileType = image.png; path = jiggly.png; sourceTree = "<group>"; };
		B11C47381FD880DF00CF18E4 /* beyblade.jpg */ = {isa = PBXFileReference; lastKnownFileType = image.jpeg; path = beyblade.jpg; sourceTree = "<group>"; };
		B11C47391FD880DF00CF18E4 /* agumon.png */ = {isa = PBXFileReference; lastKnownFileType = image.png; path = agumon.png; sourceTree = "<group>"; };
		B1BFD6241FD533C00008B77B /* ViewController_IconSelect.swift */ = {isa = PBXFileReference; lastKnownFileType = sourcecode.swift; path = ViewController_IconSelect.swift; sourceTree = "<group>"; };
		B1BFD6261FD5EE6E0008B77B /* chicken.png */ = {isa = PBXFileReference; lastKnownFileType = image.png; path = chicken.png; sourceTree = "<group>"; };
		C106240B1FB1889100500BDC /* cat.png */ = {isa = PBXFileReference; lastKnownFileType = image.png; path = cat.png; sourceTree = "<group>"; };
		C159955D1FB13A3D007E75AC /* TableViewCell_Chat.swift */ = {isa = PBXFileReference; lastKnownFileType = sourcecode.swift; path = TableViewCell_Chat.swift; sourceTree = "<group>"; };
		C159955F1FB13CDB007E75AC /* Model_Message.swift */ = {isa = PBXFileReference; lastKnownFileType = sourcecode.swift; path = Model_Message.swift; sourceTree = "<group>"; };
		C1789B221FB39336002ADAAF /* rooster-1.wav */ = {isa = PBXFileReference; lastKnownFileType = audio.wav; path = "rooster-1.wav"; sourceTree = "<group>"; };
		C18CBA001FB04FCB00E4ACF8 /* ChickenAndRice.app */ = {isa = PBXFileReference; explicitFileType = wrapper.application; includeInIndex = 0; path = ChickenAndRice.app; sourceTree = BUILT_PRODUCTS_DIR; };
		C18CBA031FB04FCB00E4ACF8 /* AppDelegate.swift */ = {isa = PBXFileReference; lastKnownFileType = sourcecode.swift; path = AppDelegate.swift; sourceTree = "<group>"; };
		C18CBA051FB04FCB00E4ACF8 /* ViewController_Login.swift */ = {isa = PBXFileReference; lastKnownFileType = sourcecode.swift; path = ViewController_Login.swift; sourceTree = "<group>"; };
		C18CBA081FB04FCB00E4ACF8 /* Base */ = {isa = PBXFileReference; lastKnownFileType = file.storyboard; name = Base; path = Base.lproj/Main.storyboard; sourceTree = "<group>"; };
		C18CBA0A1FB04FCB00E4ACF8 /* Assets.xcassets */ = {isa = PBXFileReference; lastKnownFileType = folder.assetcatalog; path = Assets.xcassets; sourceTree = "<group>"; };
		C18CBA0D1FB04FCB00E4ACF8 /* Base */ = {isa = PBXFileReference; lastKnownFileType = file.storyboard; name = Base; path = Base.lproj/LaunchScreen.storyboard; sourceTree = "<group>"; };
		C18CBA0F1FB04FCB00E4ACF8 /* Info.plist */ = {isa = PBXFileReference; lastKnownFileType = text.plist.xml; path = Info.plist; sourceTree = "<group>"; };
		C18CBA141FB04FCB00E4ACF8 /* ChickenAndRiceTests.xctest */ = {isa = PBXFileReference; explicitFileType = wrapper.cfbundle; includeInIndex = 0; path = ChickenAndRiceTests.xctest; sourceTree = BUILT_PRODUCTS_DIR; };
		C18CBA181FB04FCB00E4ACF8 /* ChickenAndRiceTests.swift */ = {isa = PBXFileReference; lastKnownFileType = sourcecode.swift; path = ChickenAndRiceTests.swift; sourceTree = "<group>"; };
		C18CBA1A1FB04FCB00E4ACF8 /* Info.plist */ = {isa = PBXFileReference; lastKnownFileType = text.plist.xml; path = Info.plist; sourceTree = "<group>"; };
		C18CBA1F1FB04FCB00E4ACF8 /* ChickenAndRiceUITests.xctest */ = {isa = PBXFileReference; explicitFileType = wrapper.cfbundle; includeInIndex = 0; path = ChickenAndRiceUITests.xctest; sourceTree = BUILT_PRODUCTS_DIR; };
		C18CBA231FB04FCB00E4ACF8 /* ChickenAndRiceUITests.swift */ = {isa = PBXFileReference; lastKnownFileType = sourcecode.swift; path = ChickenAndRiceUITests.swift; sourceTree = "<group>"; };
		C18CBA251FB04FCB00E4ACF8 /* Info.plist */ = {isa = PBXFileReference; lastKnownFileType = text.plist.xml; path = Info.plist; sourceTree = "<group>"; };
		C18CBA341FB0603300E4ACF8 /* SocketIOManager.swift */ = {isa = PBXFileReference; lastKnownFileType = sourcecode.swift; path = SocketIOManager.swift; sourceTree = "<group>"; };
		C18CBA391FB092B400E4ACF8 /* chicken_and_rice.jpeg */ = {isa = PBXFileReference; lastKnownFileType = image.jpeg; path = chicken_and_rice.jpeg; sourceTree = "<group>"; };
		C18CBA3E1FB0F8D700E4ACF8 /* ViewController_Chat.swift */ = {isa = PBXFileReference; lastKnownFileType = sourcecode.swift; path = ViewController_Chat.swift; sourceTree = "<group>"; };
		C18CBA411FB0FA7F00E4ACF8 /* Model_User.swift */ = {isa = PBXFileReference; lastKnownFileType = sourcecode.swift; path = Model_User.swift; sourceTree = "<group>"; };
		C18CBA431FB1013E00E4ACF8 /* send_icon.png */ = {isa = PBXFileReference; lastKnownFileType = image.png; path = send_icon.png; sourceTree = "<group>"; };
		C1AC091B1FB7C5D2001DF319 /* ViewController_RegisterUser.swift */ = {isa = PBXFileReference; lastKnownFileType = sourcecode.swift; path = ViewController_RegisterUser.swift; sourceTree = "<group>"; };
		C1AC09221FB88DDC001DF319 /* ViewController_ChannelSelect.swift */ = {isa = PBXFileReference; lastKnownFileType = sourcecode.swift; path = ViewController_ChannelSelect.swift; sourceTree = "<group>"; };
		C1D789AA1FB8913D0074AB46 /* TableViewCell_Channel.swift */ = {isa = PBXFileReference; lastKnownFileType = sourcecode.swift; path = TableViewCell_Channel.swift; sourceTree = "<group>"; };
		C1D789AC1FB8A58D0074AB46 /* Model_Channel.swift */ = {isa = PBXFileReference; lastKnownFileType = sourcecode.swift; path = Model_Channel.swift; sourceTree = "<group>"; };
		C1D789AE1FB915F60074AB46 /* ViewController_ServerSelect.swift */ = {isa = PBXFileReference; lastKnownFileType = sourcecode.swift; path = ViewController_ServerSelect.swift; sourceTree = "<group>"; };
		C1D789B01FB916460074AB46 /* TableViewCell_Server.swift */ = {isa = PBXFileReference; lastKnownFileType = sourcecode.swift; path = TableViewCell_Server.swift; sourceTree = "<group>"; };
		C1D789B21FB91B3C0074AB46 /* Model_Server.swift */ = {isa = PBXFileReference; lastKnownFileType = sourcecode.swift; path = Model_Server.swift; sourceTree = "<group>"; };
		EC633429BACF41F613E3308A /* Pods_ChickenAndRice.framework */ = {isa = PBXFileReference; explicitFileType = wrapper.framework; includeInIndex = 0; path = Pods_ChickenAndRice.framework; sourceTree = BUILT_PRODUCTS_DIR; };
		EE50BF53752026950BBB8D69 /* Pods-ChickenAndRice.release.xcconfig */ = {isa = PBXFileReference; includeInIndex = 1; lastKnownFileType = text.xcconfig; name = "Pods-ChickenAndRice.release.xcconfig"; path = "Pods/Target Support Files/Pods-ChickenAndRice/Pods-ChickenAndRice.release.xcconfig"; sourceTree = "<group>"; };
/* End PBXFileReference section */

/* Begin PBXFrameworksBuildPhase section */
		C18CB9FD1FB04FCB00E4ACF8 /* Frameworks */ = {
			isa = PBXFrameworksBuildPhase;
			buildActionMask = 2147483647;
			files = (
				E4F1A076DFBC14BE58AC67D1 /* Pods_ChickenAndRice.framework in Frameworks */,
			);
			runOnlyForDeploymentPostprocessing = 0;
		};
		C18CBA111FB04FCB00E4ACF8 /* Frameworks */ = {
			isa = PBXFrameworksBuildPhase;
			buildActionMask = 2147483647;
			files = (
				9E3E2A8C6F7FCDB9AE9AADE0 /* Pods_ChickenAndRiceTests.framework in Frameworks */,
			);
			runOnlyForDeploymentPostprocessing = 0;
		};
		C18CBA1C1FB04FCB00E4ACF8 /* Frameworks */ = {
			isa = PBXFrameworksBuildPhase;
			buildActionMask = 2147483647;
			files = (
				8B67534C8F4158CF919D09D6 /* Pods_ChickenAndRiceUITests.framework in Frameworks */,
			);
			runOnlyForDeploymentPostprocessing = 0;
		};
/* End PBXFrameworksBuildPhase section */

/* Begin PBXGroup section */
		48732BDCBDA2AC17A24CB0AA /* Pods */ = {
			isa = PBXGroup;
			children = (
				089665337AA6046342A3C31C /* Pods-ChickenAndRice.debug.xcconfig */,
				EE50BF53752026950BBB8D69 /* Pods-ChickenAndRice.release.xcconfig */,
				95C50E19765358C823871A59 /* Pods-ChickenAndRiceTests.debug.xcconfig */,
				16106BE72E0E8D7B3D53CBCE /* Pods-ChickenAndRiceTests.release.xcconfig */,
				9F56DCED9A6F798A053C7587 /* Pods-ChickenAndRiceUITests.debug.xcconfig */,
				96D5571EBFF54366C53A9185 /* Pods-ChickenAndRiceUITests.release.xcconfig */,
			);
			name = Pods;
			sourceTree = "<group>";
		};
		5AFB847A1288509F257956F4 /* Frameworks */ = {
			isa = PBXGroup;
			children = (
				EC633429BACF41F613E3308A /* Pods_ChickenAndRice.framework */,
				9835CAFE76581DD39D11CE55 /* Pods_ChickenAndRiceTests.framework */,
				4A25890D10844D4C136FC683 /* Pods_ChickenAndRiceUITests.framework */,
			);
			name = Frameworks;
			sourceTree = "<group>";
		};
		C159955C1FB13A15007E75AC /* Views */ = {
			isa = PBXGroup;
			children = (
				C159955D1FB13A3D007E75AC /* TableViewCell_Chat.swift */,
				C1D789AA1FB8913D0074AB46 /* TableViewCell_Channel.swift */,
				C1D789B01FB916460074AB46 /* TableViewCell_Server.swift */,
			);
			path = Views;
			sourceTree = "<group>";
		};
		C1789B211FB3931D002ADAAF /* Sounds */ = {
			isa = PBXGroup;
			children = (
				C1789B221FB39336002ADAAF /* rooster-1.wav */,
			);
			path = Sounds;
			sourceTree = "<group>";
		};
		C18CB9F71FB04FCB00E4ACF8 = {
			isa = PBXGroup;
			children = (
				C1AC091F1FB8804B001DF319 /* Extensions */,
				C1789B211FB3931D002ADAAF /* Sounds */,
				C18CBA381FB0928900E4ACF8 /* Art */,
				C18CBA021FB04FCB00E4ACF8 /* ChickenAndRice */,
				C18CBA171FB04FCB00E4ACF8 /* ChickenAndRiceTests */,
				C18CBA221FB04FCB00E4ACF8 /* ChickenAndRiceUITests */,
				C18CBA011FB04FCB00E4ACF8 /* Products */,
				48732BDCBDA2AC17A24CB0AA /* Pods */,
				5AFB847A1288509F257956F4 /* Frameworks */,
			);
			sourceTree = "<group>";
		};
		C18CBA011FB04FCB00E4ACF8 /* Products */ = {
			isa = PBXGroup;
			children = (
				C18CBA001FB04FCB00E4ACF8 /* ChickenAndRice.app */,
				C18CBA141FB04FCB00E4ACF8 /* ChickenAndRiceTests.xctest */,
				C18CBA1F1FB04FCB00E4ACF8 /* ChickenAndRiceUITests.xctest */,
			);
			name = Products;
			sourceTree = "<group>";
		};
		C18CBA021FB04FCB00E4ACF8 /* ChickenAndRice */ = {
			isa = PBXGroup;
			children = (
				C159955C1FB13A15007E75AC /* Views */,
				C18CBA401FB0FA6A00E4ACF8 /* Models */,
				C18CBA3B1FB0F4EF00E4ACF8 /* ViewControllers */,
				C18CBA331FB0602500E4ACF8 /* SocketIO */,
				C18CBA031FB04FCB00E4ACF8 /* AppDelegate.swift */,
				C18CBA071FB04FCB00E4ACF8 /* Main.storyboard */,
				C18CBA0A1FB04FCB00E4ACF8 /* Assets.xcassets */,
				C18CBA0C1FB04FCB00E4ACF8 /* LaunchScreen.storyboard */,
				C18CBA0F1FB04FCB00E4ACF8 /* Info.plist */,
			);
			path = ChickenAndRice;
			sourceTree = "<group>";
		};
		C18CBA171FB04FCB00E4ACF8 /* ChickenAndRiceTests */ = {
			isa = PBXGroup;
			children = (
				C18CBA181FB04FCB00E4ACF8 /* ChickenAndRiceTests.swift */,
				C18CBA1A1FB04FCB00E4ACF8 /* Info.plist */,
			);
			path = ChickenAndRiceTests;
			sourceTree = "<group>";
		};
		C18CBA221FB04FCB00E4ACF8 /* ChickenAndRiceUITests */ = {
			isa = PBXGroup;
			children = (
				C18CBA231FB04FCB00E4ACF8 /* ChickenAndRiceUITests.swift */,
				C18CBA251FB04FCB00E4ACF8 /* Info.plist */,
			);
			path = ChickenAndRiceUITests;
			sourceTree = "<group>";
		};
		C18CBA331FB0602500E4ACF8 /* SocketIO */ = {
			isa = PBXGroup;
			children = (
				C18CBA341FB0603300E4ACF8 /* SocketIOManager.swift */,
			);
			path = SocketIO;
			sourceTree = "<group>";
		};
		C18CBA381FB0928900E4ACF8 /* Art */ = {
			isa = PBXGroup;
			children = (
				C106240B1FB1889100500BDC /* cat.png */,
				C18CBA431FB1013E00E4ACF8 /* send_icon.png */,
				C18CBA391FB092B400E4ACF8 /* chicken_and_rice.jpeg */,
				B1BFD6261FD5EE6E0008B77B /* chicken.png */,
				B11C47361FD879D200CF18E4 /* jiggly.png */,
				B11C47341FD878F700CF18E4 /* cake.jpg */,
				B11C47391FD880DF00CF18E4 /* agumon.png */,
				B11C47381FD880DF00CF18E4 /* beyblade.jpg */,
			);
			path = Art;
			sourceTree = "<group>";
		};
		C18CBA3B1FB0F4EF00E4ACF8 /* ViewControllers */ = {
			isa = PBXGroup;
			children = (
				C18CBA3E1FB0F8D700E4ACF8 /* ViewController_Chat.swift */,
				C18CBA051FB04FCB00E4ACF8 /* ViewController_Login.swift */,
				C1AC091B1FB7C5D2001DF319 /* ViewController_RegisterUser.swift */,
				C1AC09221FB88DDC001DF319 /* ViewController_ChannelSelect.swift */,
				C1D789AE1FB915F60074AB46 /* ViewController_ServerSelect.swift */,
				B1BFD6241FD533C00008B77B /* ViewController_IconSelect.swift */,
			);
			path = ViewControllers;
			sourceTree = "<group>";
		};
		C18CBA401FB0FA6A00E4ACF8 /* Models */ = {
			isa = PBXGroup;
			children = (
				C18CBA411FB0FA7F00E4ACF8 /* Model_User.swift */,
				C159955F1FB13CDB007E75AC /* Model_Message.swift */,
				C1D789AC1FB8A58D0074AB46 /* Model_Channel.swift */,
				C1D789B21FB91B3C0074AB46 /* Model_Server.swift */,
			);
			path = Models;
			sourceTree = "<group>";
		};
		C1AC091F1FB8804B001DF319 /* Extensions */ = {
			isa = PBXGroup;
			children = (
			);
			path = Extensions;
			sourceTree = "<group>";
		};
/* End PBXGroup section */

/* Begin PBXNativeTarget section */
		C18CB9FF1FB04FCB00E4ACF8 /* ChickenAndRice */ = {
			isa = PBXNativeTarget;
			buildConfigurationList = C18CBA281FB04FCB00E4ACF8 /* Build configuration list for PBXNativeTarget "ChickenAndRice" */;
			buildPhases = (
				9FF8F2BCEAAFD85C10D5534D /* [CP] Check Pods Manifest.lock */,
				C18CB9FC1FB04FCB00E4ACF8 /* Sources */,
				C18CB9FD1FB04FCB00E4ACF8 /* Frameworks */,
				C18CB9FE1FB04FCB00E4ACF8 /* Resources */,
				58D8A3AA01CBEC817D897D6B /* [CP] Embed Pods Frameworks */,
				662091F47B7D174E7CC83750 /* [CP] Copy Pods Resources */,
			);
			buildRules = (
			);
			dependencies = (
			);
			name = ChickenAndRice;
			productName = ChickenAndRice;
			productReference = C18CBA001FB04FCB00E4ACF8 /* ChickenAndRice.app */;
			productType = "com.apple.product-type.application";
		};
		C18CBA131FB04FCB00E4ACF8 /* ChickenAndRiceTests */ = {
			isa = PBXNativeTarget;
			buildConfigurationList = C18CBA2B1FB04FCB00E4ACF8 /* Build configuration list for PBXNativeTarget "ChickenAndRiceTests" */;
			buildPhases = (
				084659FE5A9CC2E845D7E75E /* [CP] Check Pods Manifest.lock */,
				C18CBA101FB04FCB00E4ACF8 /* Sources */,
				C18CBA111FB04FCB00E4ACF8 /* Frameworks */,
				C18CBA121FB04FCB00E4ACF8 /* Resources */,
				7398AB03E3B5B485F75CE2CB /* [CP] Embed Pods Frameworks */,
				09972723CCD0B3D37F3DCB52 /* [CP] Copy Pods Resources */,
			);
			buildRules = (
			);
			dependencies = (
				C18CBA161FB04FCB00E4ACF8 /* PBXTargetDependency */,
			);
			name = ChickenAndRiceTests;
			productName = ChickenAndRiceTests;
			productReference = C18CBA141FB04FCB00E4ACF8 /* ChickenAndRiceTests.xctest */;
			productType = "com.apple.product-type.bundle.unit-test";
		};
		C18CBA1E1FB04FCB00E4ACF8 /* ChickenAndRiceUITests */ = {
			isa = PBXNativeTarget;
			buildConfigurationList = C18CBA2E1FB04FCB00E4ACF8 /* Build configuration list for PBXNativeTarget "ChickenAndRiceUITests" */;
			buildPhases = (
				B84B219C16ED67E05435F41E /* [CP] Check Pods Manifest.lock */,
				C18CBA1B1FB04FCB00E4ACF8 /* Sources */,
				C18CBA1C1FB04FCB00E4ACF8 /* Frameworks */,
				C18CBA1D1FB04FCB00E4ACF8 /* Resources */,
				9849271629FCF832229EA5D1 /* [CP] Embed Pods Frameworks */,
				57FF76FFA35D00EC9D8CE0A7 /* [CP] Copy Pods Resources */,
			);
			buildRules = (
			);
			dependencies = (
				C18CBA211FB04FCB00E4ACF8 /* PBXTargetDependency */,
			);
			name = ChickenAndRiceUITests;
			productName = ChickenAndRiceUITests;
			productReference = C18CBA1F1FB04FCB00E4ACF8 /* ChickenAndRiceUITests.xctest */;
			productType = "com.apple.product-type.bundle.ui-testing";
		};
/* End PBXNativeTarget section */

/* Begin PBXProject section */
		C18CB9F81FB04FCB00E4ACF8 /* Project object */ = {
			isa = PBXProject;
			attributes = {
				LastSwiftUpdateCheck = 0900;
				LastUpgradeCheck = 0900;
				ORGANIZATIONNAME = "Mathew Puryear";
				TargetAttributes = {
					C18CB9FF1FB04FCB00E4ACF8 = {
						CreatedOnToolsVersion = 9.0;
						ProvisioningStyle = Automatic;
					};
					C18CBA131FB04FCB00E4ACF8 = {
						CreatedOnToolsVersion = 9.0;
						ProvisioningStyle = Automatic;
						TestTargetID = C18CB9FF1FB04FCB00E4ACF8;
					};
					C18CBA1E1FB04FCB00E4ACF8 = {
						CreatedOnToolsVersion = 9.0;
						ProvisioningStyle = Automatic;
						TestTargetID = C18CB9FF1FB04FCB00E4ACF8;
					};
				};
			};
			buildConfigurationList = C18CB9FB1FB04FCB00E4ACF8 /* Build configuration list for PBXProject "ChickenAndRice" */;
			compatibilityVersion = "Xcode 8.0";
			developmentRegion = en;
			hasScannedForEncodings = 0;
			knownRegions = (
				en,
				Base,
			);
			mainGroup = C18CB9F71FB04FCB00E4ACF8;
			productRefGroup = C18CBA011FB04FCB00E4ACF8 /* Products */;
			projectDirPath = "";
			projectRoot = "";
			targets = (
				C18CB9FF1FB04FCB00E4ACF8 /* ChickenAndRice */,
				C18CBA131FB04FCB00E4ACF8 /* ChickenAndRiceTests */,
				C18CBA1E1FB04FCB00E4ACF8 /* ChickenAndRiceUITests */,
			);
		};
/* End PBXProject section */

/* Begin PBXResourcesBuildPhase section */
		C18CB9FE1FB04FCB00E4ACF8 /* Resources */ = {
			isa = PBXResourcesBuildPhase;
			buildActionMask = 2147483647;
			files = (
				C106240C1FB1889200500BDC /* cat.png in Resources */,
				B11C47371FD879D200CF18E4 /* jiggly.png in Resources */,
				C18CBA441FB1013F00E4ACF8 /* send_icon.png in Resources */,
				B1BFD6271FD5EE740008B77B /* chicken.png in Resources */,
				B11C473B1FD880E000CF18E4 /* agumon.png in Resources */,
				C18CBA0E1FB04FCB00E4ACF8 /* LaunchScreen.storyboard in Resources */,
				B11C473A1FD880E000CF18E4 /* beyblade.jpg in Resources */,
				B11C47351FD878F800CF18E4 /* cake.jpg in Resources */,
				C1789B231FB39336002ADAAF /* rooster-1.wav in Resources */,
				C18CBA0B1FB04FCB00E4ACF8 /* Assets.xcassets in Resources */,
				C18CBA3A1FB0934C00E4ACF8 /* chicken_and_rice.jpeg in Resources */,
				C18CBA091FB04FCB00E4ACF8 /* Main.storyboard in Resources */,
			);
			runOnlyForDeploymentPostprocessing = 0;
		};
		C18CBA121FB04FCB00E4ACF8 /* Resources */ = {
			isa = PBXResourcesBuildPhase;
			buildActionMask = 2147483647;
			files = (
			);
			runOnlyForDeploymentPostprocessing = 0;
		};
		C18CBA1D1FB04FCB00E4ACF8 /* Resources */ = {
			isa = PBXResourcesBuildPhase;
			buildActionMask = 2147483647;
			files = (
			);
			runOnlyForDeploymentPostprocessing = 0;
		};
/* End PBXResourcesBuildPhase section */

/* Begin PBXShellScriptBuildPhase section */
		084659FE5A9CC2E845D7E75E /* [CP] Check Pods Manifest.lock */ = {
			isa = PBXShellScriptBuildPhase;
			buildActionMask = 2147483647;
			files = (
			);
			inputPaths = (
				"${PODS_PODFILE_DIR_PATH}/Podfile.lock",
				"${PODS_ROOT}/Manifest.lock",
			);
			name = "[CP] Check Pods Manifest.lock";
			outputPaths = (
				"$(DERIVED_FILE_DIR)/Pods-ChickenAndRiceTests-checkManifestLockResult.txt",
			);
			runOnlyForDeploymentPostprocessing = 0;
			shellPath = /bin/sh;
			shellScript = "diff \"${PODS_PODFILE_DIR_PATH}/Podfile.lock\" \"${PODS_ROOT}/Manifest.lock\" > /dev/null\nif [ $? != 0 ] ; then\n    # print error to STDERR\n    echo \"error: The sandbox is not in sync with the Podfile.lock. Run 'pod install' or update your CocoaPods installation.\" >&2\n    exit 1\nfi\n# This output is used by Xcode 'outputs' to avoid re-running this script phase.\necho \"SUCCESS\" > \"${SCRIPT_OUTPUT_FILE_0}\"\n";
			showEnvVarsInLog = 0;
		};
		09972723CCD0B3D37F3DCB52 /* [CP] Copy Pods Resources */ = {
			isa = PBXShellScriptBuildPhase;
			buildActionMask = 2147483647;
			files = (
			);
			inputPaths = (
			);
			name = "[CP] Copy Pods Resources";
			outputPaths = (
			);
			runOnlyForDeploymentPostprocessing = 0;
			shellPath = /bin/sh;
			shellScript = "\"${SRCROOT}/Pods/Target Support Files/Pods-ChickenAndRiceTests/Pods-ChickenAndRiceTests-resources.sh\"\n";
			showEnvVarsInLog = 0;
		};
		57FF76FFA35D00EC9D8CE0A7 /* [CP] Copy Pods Resources */ = {
			isa = PBXShellScriptBuildPhase;
			buildActionMask = 2147483647;
			files = (
			);
			inputPaths = (
			);
			name = "[CP] Copy Pods Resources";
			outputPaths = (
			);
			runOnlyForDeploymentPostprocessing = 0;
			shellPath = /bin/sh;
			shellScript = "\"${SRCROOT}/Pods/Target Support Files/Pods-ChickenAndRiceUITests/Pods-ChickenAndRiceUITests-resources.sh\"\n";
			showEnvVarsInLog = 0;
		};
		58D8A3AA01CBEC817D897D6B /* [CP] Embed Pods Frameworks */ = {
			isa = PBXShellScriptBuildPhase;
			buildActionMask = 2147483647;
			files = (
			);
			inputPaths = (
				"${SRCROOT}/Pods/Target Support Files/Pods-ChickenAndRice/Pods-ChickenAndRice-frameworks.sh",
				"${BUILT_PRODUCTS_DIR}/Socket.IO-Client-Swift/SocketIO.framework",
				"${BUILT_PRODUCTS_DIR}/Starscream/Starscream.framework",
			);
			name = "[CP] Embed Pods Frameworks";
			outputPaths = (
				"${TARGET_BUILD_DIR}/${FRAMEWORKS_FOLDER_PATH}/SocketIO.framework",
				"${TARGET_BUILD_DIR}/${FRAMEWORKS_FOLDER_PATH}/Starscream.framework",
			);
			runOnlyForDeploymentPostprocessing = 0;
			shellPath = /bin/sh;
			shellScript = "\"${SRCROOT}/Pods/Target Support Files/Pods-ChickenAndRice/Pods-ChickenAndRice-frameworks.sh\"\n";
			showEnvVarsInLog = 0;
		};
		662091F47B7D174E7CC83750 /* [CP] Copy Pods Resources */ = {
			isa = PBXShellScriptBuildPhase;
			buildActionMask = 2147483647;
			files = (
			);
			inputPaths = (
			);
			name = "[CP] Copy Pods Resources";
			outputPaths = (
			);
			runOnlyForDeploymentPostprocessing = 0;
			shellPath = /bin/sh;
			shellScript = "\"${SRCROOT}/Pods/Target Support Files/Pods-ChickenAndRice/Pods-ChickenAndRice-resources.sh\"\n";
			showEnvVarsInLog = 0;
		};
		7398AB03E3B5B485F75CE2CB /* [CP] Embed Pods Frameworks */ = {
			isa = PBXShellScriptBuildPhase;
			buildActionMask = 2147483647;
			files = (
			);
			inputPaths = (
			);
			name = "[CP] Embed Pods Frameworks";
			outputPaths = (
			);
			runOnlyForDeploymentPostprocessing = 0;
			shellPath = /bin/sh;
			shellScript = "\"${SRCROOT}/Pods/Target Support Files/Pods-ChickenAndRiceTests/Pods-ChickenAndRiceTests-frameworks.sh\"\n";
			showEnvVarsInLog = 0;
		};
		9849271629FCF832229EA5D1 /* [CP] Embed Pods Frameworks */ = {
			isa = PBXShellScriptBuildPhase;
			buildActionMask = 2147483647;
			files = (
			);
			inputPaths = (
			);
			name = "[CP] Embed Pods Frameworks";
			outputPaths = (
			);
			runOnlyForDeploymentPostprocessing = 0;
			shellPath = /bin/sh;
			shellScript = "\"${SRCROOT}/Pods/Target Support Files/Pods-ChickenAndRiceUITests/Pods-ChickenAndRiceUITests-frameworks.sh\"\n";
			showEnvVarsInLog = 0;
		};
		9FF8F2BCEAAFD85C10D5534D /* [CP] Check Pods Manifest.lock */ = {
			isa = PBXShellScriptBuildPhase;
			buildActionMask = 2147483647;
			files = (
			);
			inputPaths = (
				"${PODS_PODFILE_DIR_PATH}/Podfile.lock",
				"${PODS_ROOT}/Manifest.lock",
			);
			name = "[CP] Check Pods Manifest.lock";
			outputPaths = (
				"$(DERIVED_FILE_DIR)/Pods-ChickenAndRice-checkManifestLockResult.txt",
			);
			runOnlyForDeploymentPostprocessing = 0;
			shellPath = /bin/sh;
			shellScript = "diff \"${PODS_PODFILE_DIR_PATH}/Podfile.lock\" \"${PODS_ROOT}/Manifest.lock\" > /dev/null\nif [ $? != 0 ] ; then\n    # print error to STDERR\n    echo \"error: The sandbox is not in sync with the Podfile.lock. Run 'pod install' or update your CocoaPods installation.\" >&2\n    exit 1\nfi\n# This output is used by Xcode 'outputs' to avoid re-running this script phase.\necho \"SUCCESS\" > \"${SCRIPT_OUTPUT_FILE_0}\"\n";
			showEnvVarsInLog = 0;
		};
		B84B219C16ED67E05435F41E /* [CP] Check Pods Manifest.lock */ = {
			isa = PBXShellScriptBuildPhase;
			buildActionMask = 2147483647;
			files = (
			);
			inputPaths = (
				"${PODS_PODFILE_DIR_PATH}/Podfile.lock",
				"${PODS_ROOT}/Manifest.lock",
			);
			name = "[CP] Check Pods Manifest.lock";
			outputPaths = (
				"$(DERIVED_FILE_DIR)/Pods-ChickenAndRiceUITests-checkManifestLockResult.txt",
			);
			runOnlyForDeploymentPostprocessing = 0;
			shellPath = /bin/sh;
			shellScript = "diff \"${PODS_PODFILE_DIR_PATH}/Podfile.lock\" \"${PODS_ROOT}/Manifest.lock\" > /dev/null\nif [ $? != 0 ] ; then\n    # print error to STDERR\n    echo \"error: The sandbox is not in sync with the Podfile.lock. Run 'pod install' or update your CocoaPods installation.\" >&2\n    exit 1\nfi\n# This output is used by Xcode 'outputs' to avoid re-running this script phase.\necho \"SUCCESS\" > \"${SCRIPT_OUTPUT_FILE_0}\"\n";
			showEnvVarsInLog = 0;
		};
/* End PBXShellScriptBuildPhase section */

/* Begin PBXSourcesBuildPhase section */
		C18CB9FC1FB04FCB00E4ACF8 /* Sources */ = {
			isa = PBXSourcesBuildPhase;
			buildActionMask = 2147483647;
			files = (
				C1D789AD1FB8A58D0074AB46 /* Model_Channel.swift in Sources */,
				C18CBA061FB04FCB00E4ACF8 /* ViewController_Login.swift in Sources */,
				C18CBA421FB0FA7F00E4ACF8 /* Model_User.swift in Sources */,
				C1AC09231FB88DDC001DF319 /* ViewController_ChannelSelect.swift in Sources */,
				C1AC091C1FB7C5D2001DF319 /* ViewController_RegisterUser.swift in Sources */,
				C18CBA351FB0603300E4ACF8 /* SocketIOManager.swift in Sources */,
				C15995601FB13CDB007E75AC /* Model_Message.swift in Sources */,
				C159955E1FB13A3D007E75AC /* TableViewCell_Chat.swift in Sources */,
				C1D789AB1FB8913D0074AB46 /* TableViewCell_Channel.swift in Sources */,
				C1D789B11FB916460074AB46 /* TableViewCell_Server.swift in Sources */,
				C18CBA3F1FB0F8D700E4ACF8 /* ViewController_Chat.swift in Sources */,
				C18CBA041FB04FCB00E4ACF8 /* AppDelegate.swift in Sources */,
				C1D789B31FB91B3C0074AB46 /* Model_Server.swift in Sources */,
				C1D789AF1FB915F60074AB46 /* ViewController_ServerSelect.swift in Sources */,
				B1BFD6251FD533C00008B77B /* ViewController_IconSelect.swift in Sources */,
			);
			runOnlyForDeploymentPostprocessing = 0;
		};
		C18CBA101FB04FCB00E4ACF8 /* Sources */ = {
			isa = PBXSourcesBuildPhase;
			buildActionMask = 2147483647;
			files = (
				C18CBA191FB04FCB00E4ACF8 /* ChickenAndRiceTests.swift in Sources */,
			);
			runOnlyForDeploymentPostprocessing = 0;
		};
		C18CBA1B1FB04FCB00E4ACF8 /* Sources */ = {
			isa = PBXSourcesBuildPhase;
			buildActionMask = 2147483647;
			files = (
				C18CBA241FB04FCB00E4ACF8 /* ChickenAndRiceUITests.swift in Sources */,
			);
			runOnlyForDeploymentPostprocessing = 0;
		};
/* End PBXSourcesBuildPhase section */

/* Begin PBXTargetDependency section */
		C18CBA161FB04FCB00E4ACF8 /* PBXTargetDependency */ = {
			isa = PBXTargetDependency;
			target = C18CB9FF1FB04FCB00E4ACF8 /* ChickenAndRice */;
			targetProxy = C18CBA151FB04FCB00E4ACF8 /* PBXContainerItemProxy */;
		};
		C18CBA211FB04FCB00E4ACF8 /* PBXTargetDependency */ = {
			isa = PBXTargetDependency;
			target = C18CB9FF1FB04FCB00E4ACF8 /* ChickenAndRice */;
			targetProxy = C18CBA201FB04FCB00E4ACF8 /* PBXContainerItemProxy */;
		};
/* End PBXTargetDependency section */

/* Begin PBXVariantGroup section */
		C18CBA071FB04FCB00E4ACF8 /* Main.storyboard */ = {
			isa = PBXVariantGroup;
			children = (
				C18CBA081FB04FCB00E4ACF8 /* Base */,
			);
			name = Main.storyboard;
			sourceTree = "<group>";
		};
		C18CBA0C1FB04FCB00E4ACF8 /* LaunchScreen.storyboard */ = {
			isa = PBXVariantGroup;
			children = (
				C18CBA0D1FB04FCB00E4ACF8 /* Base */,
			);
			name = LaunchScreen.storyboard;
			sourceTree = "<group>";
		};
/* End PBXVariantGroup section */

/* Begin XCBuildConfiguration section */
		C18CBA261FB04FCB00E4ACF8 /* Debug */ = {
			isa = XCBuildConfiguration;
			buildSettings = {
				ALWAYS_SEARCH_USER_PATHS = NO;
				CLANG_ANALYZER_NONNULL = YES;
				CLANG_ANALYZER_NUMBER_OBJECT_CONVERSION = YES_AGGRESSIVE;
				CLANG_CXX_LANGUAGE_STANDARD = "gnu++14";
				CLANG_CXX_LIBRARY = "libc++";
				CLANG_ENABLE_MODULES = YES;
				CLANG_ENABLE_OBJC_ARC = YES;
				CLANG_WARN_BLOCK_CAPTURE_AUTORELEASING = YES;
				CLANG_WARN_BOOL_CONVERSION = YES;
				CLANG_WARN_COMMA = YES;
				CLANG_WARN_CONSTANT_CONVERSION = YES;
				CLANG_WARN_DIRECT_OBJC_ISA_USAGE = YES_ERROR;
				CLANG_WARN_DOCUMENTATION_COMMENTS = YES;
				CLANG_WARN_EMPTY_BODY = YES;
				CLANG_WARN_ENUM_CONVERSION = YES;
				CLANG_WARN_INFINITE_RECURSION = YES;
				CLANG_WARN_INT_CONVERSION = YES;
				CLANG_WARN_NON_LITERAL_NULL_CONVERSION = YES;
				CLANG_WARN_OBJC_LITERAL_CONVERSION = YES;
				CLANG_WARN_OBJC_ROOT_CLASS = YES_ERROR;
				CLANG_WARN_RANGE_LOOP_ANALYSIS = YES;
				CLANG_WARN_STRICT_PROTOTYPES = YES;
				CLANG_WARN_SUSPICIOUS_MOVE = YES;
				CLANG_WARN_UNGUARDED_AVAILABILITY = YES_AGGRESSIVE;
				CLANG_WARN_UNREACHABLE_CODE = YES;
				CLANG_WARN__DUPLICATE_METHOD_MATCH = YES;
				CODE_SIGN_IDENTITY = "iPhone Developer";
				COPY_PHASE_STRIP = NO;
				DEBUG_INFORMATION_FORMAT = dwarf;
				ENABLE_STRICT_OBJC_MSGSEND = YES;
				ENABLE_TESTABILITY = YES;
				GCC_C_LANGUAGE_STANDARD = gnu11;
				GCC_DYNAMIC_NO_PIC = NO;
				GCC_NO_COMMON_BLOCKS = YES;
				GCC_OPTIMIZATION_LEVEL = 0;
				GCC_PREPROCESSOR_DEFINITIONS = (
					"DEBUG=1",
					"$(inherited)",
				);
				GCC_WARN_64_TO_32_BIT_CONVERSION = YES;
				GCC_WARN_ABOUT_RETURN_TYPE = YES_ERROR;
				GCC_WARN_UNDECLARED_SELECTOR = YES;
				GCC_WARN_UNINITIALIZED_AUTOS = YES_AGGRESSIVE;
				GCC_WARN_UNUSED_FUNCTION = YES;
				GCC_WARN_UNUSED_VARIABLE = YES;
				IPHONEOS_DEPLOYMENT_TARGET = 11.0;
				MTL_ENABLE_DEBUG_INFO = YES;
				ONLY_ACTIVE_ARCH = YES;
				SDKROOT = iphoneos;
				SWIFT_ACTIVE_COMPILATION_CONDITIONS = DEBUG;
				SWIFT_OPTIMIZATION_LEVEL = "-Onone";
			};
			name = Debug;
		};
		C18CBA271FB04FCB00E4ACF8 /* Release */ = {
			isa = XCBuildConfiguration;
			buildSettings = {
				ALWAYS_SEARCH_USER_PATHS = NO;
				CLANG_ANALYZER_NONNULL = YES;
				CLANG_ANALYZER_NUMBER_OBJECT_CONVERSION = YES_AGGRESSIVE;
				CLANG_CXX_LANGUAGE_STANDARD = "gnu++14";
				CLANG_CXX_LIBRARY = "libc++";
				CLANG_ENABLE_MODULES = YES;
				CLANG_ENABLE_OBJC_ARC = YES;
				CLANG_WARN_BLOCK_CAPTURE_AUTORELEASING = YES;
				CLANG_WARN_BOOL_CONVERSION = YES;
				CLANG_WARN_COMMA = YES;
				CLANG_WARN_CONSTANT_CONVERSION = YES;
				CLANG_WARN_DIRECT_OBJC_ISA_USAGE = YES_ERROR;
				CLANG_WARN_DOCUMENTATION_COMMENTS = YES;
				CLANG_WARN_EMPTY_BODY = YES;
				CLANG_WARN_ENUM_CONVERSION = YES;
				CLANG_WARN_INFINITE_RECURSION = YES;
				CLANG_WARN_INT_CONVERSION = YES;
				CLANG_WARN_NON_LITERAL_NULL_CONVERSION = YES;
				CLANG_WARN_OBJC_LITERAL_CONVERSION = YES;
				CLANG_WARN_OBJC_ROOT_CLASS = YES_ERROR;
				CLANG_WARN_RANGE_LOOP_ANALYSIS = YES;
				CLANG_WARN_STRICT_PROTOTYPES = YES;
				CLANG_WARN_SUSPICIOUS_MOVE = YES;
				CLANG_WARN_UNGUARDED_AVAILABILITY = YES_AGGRESSIVE;
				CLANG_WARN_UNREACHABLE_CODE = YES;
				CLANG_WARN__DUPLICATE_METHOD_MATCH = YES;
				CODE_SIGN_IDENTITY = "iPhone Developer";
				COPY_PHASE_STRIP = NO;
				DEBUG_INFORMATION_FORMAT = "dwarf-with-dsym";
				ENABLE_NS_ASSERTIONS = NO;
				ENABLE_STRICT_OBJC_MSGSEND = YES;
				GCC_C_LANGUAGE_STANDARD = gnu11;
				GCC_NO_COMMON_BLOCKS = YES;
				GCC_WARN_64_TO_32_BIT_CONVERSION = YES;
				GCC_WARN_ABOUT_RETURN_TYPE = YES_ERROR;
				GCC_WARN_UNDECLARED_SELECTOR = YES;
				GCC_WARN_UNINITIALIZED_AUTOS = YES_AGGRESSIVE;
				GCC_WARN_UNUSED_FUNCTION = YES;
				GCC_WARN_UNUSED_VARIABLE = YES;
				IPHONEOS_DEPLOYMENT_TARGET = 11.0;
				MTL_ENABLE_DEBUG_INFO = NO;
				SDKROOT = iphoneos;
				SWIFT_OPTIMIZATION_LEVEL = "-Owholemodule";
				VALIDATE_PRODUCT = YES;
			};
			name = Release;
		};
		C18CBA291FB04FCB00E4ACF8 /* Debug */ = {
			isa = XCBuildConfiguration;
			baseConfigurationReference = 089665337AA6046342A3C31C /* Pods-ChickenAndRice.debug.xcconfig */;
			buildSettings = {
				ASSETCATALOG_COMPILER_APPICON_NAME = AppIcon;
				CODE_SIGN_STYLE = Automatic;
				DEVELOPMENT_TEAM = 5D8XH5M28Q;
				INFOPLIST_FILE = ChickenAndRice/Info.plist;
				LD_RUNPATH_SEARCH_PATHS = "$(inherited) @executable_path/Frameworks";
				PRODUCT_BUNDLE_IDENTIFIER = ChickenAndRice.ChickenAndRice;
				PRODUCT_NAME = "$(TARGET_NAME)";
				SWIFT_VERSION = 4.0;
				TARGETED_DEVICE_FAMILY = "1,2";
			};
			name = Debug;
		};
		C18CBA2A1FB04FCB00E4ACF8 /* Release */ = {
			isa = XCBuildConfiguration;
			baseConfigurationReference = EE50BF53752026950BBB8D69 /* Pods-ChickenAndRice.release.xcconfig */;
			buildSettings = {
				ASSETCATALOG_COMPILER_APPICON_NAME = AppIcon;
				CODE_SIGN_STYLE = Automatic;
				DEVELOPMENT_TEAM = 5D8XH5M28Q;
				INFOPLIST_FILE = ChickenAndRice/Info.plist;
				LD_RUNPATH_SEARCH_PATHS = "$(inherited) @executable_path/Frameworks";
				PRODUCT_BUNDLE_IDENTIFIER = ChickenAndRice.ChickenAndRice;
				PRODUCT_NAME = "$(TARGET_NAME)";
				SWIFT_VERSION = 4.0;
				TARGETED_DEVICE_FAMILY = "1,2";
			};
			name = Release;
		};
		C18CBA2C1FB04FCB00E4ACF8 /* Debug */ = {
			isa = XCBuildConfiguration;
			baseConfigurationReference = 95C50E19765358C823871A59 /* Pods-ChickenAndRiceTests.debug.xcconfig */;
			buildSettings = {
				ALWAYS_EMBED_SWIFT_STANDARD_LIBRARIES = YES;
				BUNDLE_LOADER = "$(TEST_HOST)";
				CODE_SIGN_STYLE = Automatic;
				DEVELOPMENT_TEAM = 5D8XH5M28Q;
				INFOPLIST_FILE = ChickenAndRiceTests/Info.plist;
				LD_RUNPATH_SEARCH_PATHS = "$(inherited) @executable_path/Frameworks @loader_path/Frameworks";
				PRODUCT_BUNDLE_IDENTIFIER = ChickenAndRice.ChickenAndRiceTests;
				PRODUCT_NAME = "$(TARGET_NAME)";
				SWIFT_VERSION = 4.0;
				TARGETED_DEVICE_FAMILY = "1,2";
				TEST_HOST = "$(BUILT_PRODUCTS_DIR)/ChickenAndRice.app/ChickenAndRice";
			};
			name = Debug;
		};
		C18CBA2D1FB04FCB00E4ACF8 /* Release */ = {
			isa = XCBuildConfiguration;
			baseConfigurationReference = 16106BE72E0E8D7B3D53CBCE /* Pods-ChickenAndRiceTests.release.xcconfig */;
			buildSettings = {
				ALWAYS_EMBED_SWIFT_STANDARD_LIBRARIES = YES;
				BUNDLE_LOADER = "$(TEST_HOST)";
				CODE_SIGN_STYLE = Automatic;
				DEVELOPMENT_TEAM = 5D8XH5M28Q;
				INFOPLIST_FILE = ChickenAndRiceTests/Info.plist;
				LD_RUNPATH_SEARCH_PATHS = "$(inherited) @executable_path/Frameworks @loader_path/Frameworks";
				PRODUCT_BUNDLE_IDENTIFIER = ChickenAndRice.ChickenAndRiceTests;
				PRODUCT_NAME = "$(TARGET_NAME)";
				SWIFT_VERSION = 4.0;
				TARGETED_DEVICE_FAMILY = "1,2";
				TEST_HOST = "$(BUILT_PRODUCTS_DIR)/ChickenAndRice.app/ChickenAndRice";
			};
			name = Release;
		};
		C18CBA2F1FB04FCB00E4ACF8 /* Debug */ = {
			isa = XCBuildConfiguration;
			baseConfigurationReference = 9F56DCED9A6F798A053C7587 /* Pods-ChickenAndRiceUITests.debug.xcconfig */;
			buildSettings = {
				ALWAYS_EMBED_SWIFT_STANDARD_LIBRARIES = YES;
				CODE_SIGN_STYLE = Automatic;
				DEVELOPMENT_TEAM = 5D8XH5M28Q;
				INFOPLIST_FILE = ChickenAndRiceUITests/Info.plist;
				LD_RUNPATH_SEARCH_PATHS = "$(inherited) @executable_path/Frameworks @loader_path/Frameworks";
				PRODUCT_BUNDLE_IDENTIFIER = ChickenAndRice.ChickenAndRiceUITests;
				PRODUCT_NAME = "$(TARGET_NAME)";
				SWIFT_VERSION = 4.0;
				TARGETED_DEVICE_FAMILY = "1,2";
				TEST_TARGET_NAME = ChickenAndRice;
			};
			name = Debug;
		};
		C18CBA301FB04FCB00E4ACF8 /* Release */ = {
			isa = XCBuildConfiguration;
			baseConfigurationReference = 96D5571EBFF54366C53A9185 /* Pods-ChickenAndRiceUITests.release.xcconfig */;
			buildSettings = {
				ALWAYS_EMBED_SWIFT_STANDARD_LIBRARIES = YES;
				CODE_SIGN_STYLE = Automatic;
				DEVELOPMENT_TEAM = 5D8XH5M28Q;
				INFOPLIST_FILE = ChickenAndRiceUITests/Info.plist;
				LD_RUNPATH_SEARCH_PATHS = "$(inherited) @executable_path/Frameworks @loader_path/Frameworks";
				PRODUCT_BUNDLE_IDENTIFIER = ChickenAndRice.ChickenAndRiceUITests;
				PRODUCT_NAME = "$(TARGET_NAME)";
				SWIFT_VERSION = 4.0;
				TARGETED_DEVICE_FAMILY = "1,2";
				TEST_TARGET_NAME = ChickenAndRice;
			};
			name = Release;
		};
/* End XCBuildConfiguration section */

/* Begin XCConfigurationList section */
		C18CB9FB1FB04FCB00E4ACF8 /* Build configuration list for PBXProject "ChickenAndRice" */ = {
			isa = XCConfigurationList;
			buildConfigurations = (
				C18CBA261FB04FCB00E4ACF8 /* Debug */,
				C18CBA271FB04FCB00E4ACF8 /* Release */,
			);
			defaultConfigurationIsVisible = 0;
			defaultConfigurationName = Release;
		};
		C18CBA281FB04FCB00E4ACF8 /* Build configuration list for PBXNativeTarget "ChickenAndRice" */ = {
			isa = XCConfigurationList;
			buildConfigurations = (
				C18CBA291FB04FCB00E4ACF8 /* Debug */,
				C18CBA2A1FB04FCB00E4ACF8 /* Release */,
			);
			defaultConfigurationIsVisible = 0;
			defaultConfigurationName = Release;
		};
		C18CBA2B1FB04FCB00E4ACF8 /* Build configuration list for PBXNativeTarget "ChickenAndRiceTests" */ = {
			isa = XCConfigurationList;
			buildConfigurations = (
				C18CBA2C1FB04FCB00E4ACF8 /* Debug */,
				C18CBA2D1FB04FCB00E4ACF8 /* Release */,
			);
			defaultConfigurationIsVisible = 0;
			defaultConfigurationName = Release;
		};
		C18CBA2E1FB04FCB00E4ACF8 /* Build configuration list for PBXNativeTarget "ChickenAndRiceUITests" */ = {
			isa = XCConfigurationList;
			buildConfigurations = (
				C18CBA2F1FB04FCB00E4ACF8 /* Debug */,
				C18CBA301FB04FCB00E4ACF8 /* Release */,
			);
			defaultConfigurationIsVisible = 0;
			defaultConfigurationName = Release;
		};
/* End XCConfigurationList section */
	};
	rootObject = C18CB9F81FB04FCB00E4ACF8 /* Project object */;
}
